<?xml version="1.0" encoding="utf-8"?>
<Project ToolsVersion="4.0" xmlns="http://schemas.microsoft.com/developer/msbuild/2003">
  <ItemGroup>
    <Filter Include="GameCore">
      <UniqueIdentifier>{b4461901-121f-4928-98a1-3aa8b629a0fc}</UniqueIdentifier>
    </Filter>
    <Filter Include="UI">
      <UniqueIdentifier>{2df68caf-7fe9-4be9-9e94-b8300eb36dd6}</UniqueIdentifier>
    </Filter>
    <Filter Include="Input">
      <UniqueIdentifier>{f59808b8-5ccf-4301-a3fe-b6c49450331d}</UniqueIdentifier>
    </Filter>
    <Filter Include="Box2D">
      <UniqueIdentifier>{17c47722-a4a2-49f2-a1fe-e4bb4d439a10}</UniqueIdentifier>
    </Filter>
    <Filter Include="Box2D\Collision">
      <UniqueIdentifier>{321f572b-4870-4dc2-862e-c91f2e46f5ea}</UniqueIdentifier>
    </Filter>
    <Filter Include="Box2D\Common">
      <UniqueIdentifier>{a5926bf6-de61-47f3-8fc4-a10cb7f3a4e8}</UniqueIdentifier>
    </Filter>
    <Filter Include="Box2D\Dynamics">
      <UniqueIdentifier>{6c6b3af9-180a-4f1e-ab8f-b85a5c7acd08}</UniqueIdentifier>
    </Filter>
    <Filter Include="Box2D\Collision\Shapes">
      <UniqueIdentifier>{93ba2b78-ae12-41eb-8e00-4cab915e8fe9}</UniqueIdentifier>
    </Filter>
    <Filter Include="Box2D\Dynamics\Contacts">
      <UniqueIdentifier>{e6502850-866b-487e-a33f-f8c369d987b1}</UniqueIdentifier>
    </Filter>
    <Filter Include="Box2D\Dynamics\Joints">
      <UniqueIdentifier>{afcec78c-c645-4849-9374-e4e24ef403e2}</UniqueIdentifier>
    </Filter>
    <Filter Include="Resource">
      <UniqueIdentifier>{4fc34322-d21a-4caf-bf9c-e92b97f2eeae}</UniqueIdentifier>
    </Filter>
  </ItemGroup>
  <ItemGroup>
    <ClCompile Include="Source\airhockey.cpp">
      <Filter>GameCore</Filter>
    </ClCompile>
    <ClCompile Include="Source\main.cpp">
      <Filter>GameCore</Filter>
    </ClCompile>
    <ClCompile Include="Source\main_menu.cpp">
      <Filter>UI</Filter>
    </ClCompile>
    <ClCompile Include="Source\pause_menu.cpp">
      <Filter>UI</Filter>
    </ClCompile>
    <ClCompile Include="Source\settings_menu.cpp">
      <Filter>UI</Filter>
    </ClCompile>
    <ClCompile Include="Source\AiInput.cpp">
      <Filter>Input</Filter>
    </ClCompile>
    <ClCompile Include="Source\NetworkInput.cpp">
      <Filter>Input</Filter>
    </ClCompile>
    <ClCompile Include="Source\PlayerInput.cpp">
      <Filter>Input</Filter>
    </ClCompile>
    <ClCompile Include="Source\net_menu.cpp">
      <Filter>UI</Filter>
    </ClCompile>
    <ClCompile Include="Source\gamestate.cpp">
      <Filter>GameCore</Filter>
    </ClCompile>
    <ClCompile Include="Source\paddle.cpp">
      <Filter>GameCore</Filter>
    </ClCompile>
    <ClCompile Include="Source\puck.cpp">
      <Filter>GameCore</Filter>
    </ClCompile>
    <ClCompile Include="Source\spinstate.cpp">
      <Filter>GameCore</Filter>
    </ClCompile>
    <ClCompile Include="Source\table.cpp">
      <Filter>GameCore</Filter>
    </ClCompile>
    <ClCompile Include="Box2D\Collision\b2BroadPhase.cpp">
      <Filter>Box2D\Collision</Filter>
    </ClCompile>
    <ClCompile Include="Box2D\Collision\b2CollideCircle.cpp">
      <Filter>Box2D\Collision</Filter>
    </ClCompile>
    <ClCompile Include="Box2D\Collision\b2CollidePoly.cpp">
      <Filter>Box2D\Collision</Filter>
    </ClCompile>
    <ClCompile Include="Box2D\Collision\b2Collision.cpp">
      <Filter>Box2D\Collision</Filter>
    </ClCompile>
    <ClCompile Include="Box2D\Collision\b2Distance.cpp">
      <Filter>Box2D\Collision</Filter>
    </ClCompile>
    <ClCompile Include="Box2D\Collision\b2PairManager.cpp">
      <Filter>Box2D\Collision</Filter>
    </ClCompile>
    <ClCompile Include="Box2D\Collision\b2TimeOfImpact.cpp">
      <Filter>Box2D\Collision</Filter>
    </ClCompile>
    <ClCompile Include="Box2D\Collision\Shapes\b2CircleShape.cpp">
      <Filter>Box2D\Collision\Shapes</Filter>
    </ClCompile>
    <ClCompile Include="Box2D\Collision\Shapes\b2PolygonShape.cpp">
      <Filter>Box2D\Collision\Shapes</Filter>
    </ClCompile>
    <ClCompile Include="Box2D\Collision\Shapes\b2Shape.cpp">
      <Filter>Box2D\Collision\Shapes</Filter>
    </ClCompile>
    <ClCompile Include="Box2D\Common\b2BlockAllocator.cpp">
      <Filter>Box2D\Common</Filter>
    </ClCompile>
    <ClCompile Include="Box2D\Common\b2Math.cpp">
      <Filter>Box2D\Common</Filter>
    </ClCompile>
    <ClCompile Include="Box2D\Common\b2Settings.cpp">
      <Filter>Box2D\Common</Filter>
    </ClCompile>
    <ClCompile Include="Box2D\Common\b2StackAllocator.cpp">
      <Filter>Box2D\Common</Filter>
    </ClCompile>
    <ClCompile Include="Box2D\Dynamics\b2Body.cpp">
      <Filter>Box2D\Dynamics</Filter>
    </ClCompile>
    <ClCompile Include="Box2D\Dynamics\b2ContactManager.cpp">
      <Filter>Box2D\Dynamics</Filter>
    </ClCompile>
    <ClCompile Include="Box2D\Dynamics\b2Island.cpp">
      <Filter>Box2D\Dynamics</Filter>
    </ClCompile>
    <ClCompile Include="Box2D\Dynamics\b2World.cpp">
      <Filter>Box2D\Dynamics</Filter>
    </ClCompile>
    <ClCompile Include="Box2D\Dynamics\b2WorldCallbacks.cpp">
      <Filter>Box2D\Dynamics</Filter>
    </ClCompile>
    <ClCompile Include="Box2D\Dynamics\Contacts\b2CircleContact.cpp">
      <Filter>Box2D\Dynamics\Contacts</Filter>
    </ClCompile>
    <ClCompile Include="Box2D\Dynamics\Contacts\b2Contact.cpp">
      <Filter>Box2D\Dynamics\Contacts</Filter>
    </ClCompile>
    <ClCompile Include="Box2D\Dynamics\Contacts\b2ContactSolver.cpp">
      <Filter>Box2D\Dynamics\Contacts</Filter>
    </ClCompile>
    <ClCompile Include="Box2D\Dynamics\Contacts\b2PolyAndCircleContact.cpp">
      <Filter>Box2D\Dynamics\Contacts</Filter>
    </ClCompile>
    <ClCompile Include="Box2D\Dynamics\Contacts\b2PolyContact.cpp">
      <Filter>Box2D\Dynamics\Contacts</Filter>
    </ClCompile>
    <ClCompile Include="Box2D\Dynamics\Joints\b2DistanceJoint.cpp">
      <Filter>Box2D\Dynamics\Joints</Filter>
    </ClCompile>
    <ClCompile Include="Box2D\Dynamics\Joints\b2GearJoint.cpp">
      <Filter>Box2D\Dynamics\Joints</Filter>
    </ClCompile>
    <ClCompile Include="Box2D\Dynamics\Joints\b2Joint.cpp">
      <Filter>Box2D\Dynamics\Joints</Filter>
    </ClCompile>
    <ClCompile Include="Box2D\Dynamics\Joints\b2MouseJoint.cpp">
      <Filter>Box2D\Dynamics\Joints</Filter>
    </ClCompile>
    <ClCompile Include="Box2D\Dynamics\Joints\b2PrismaticJoint.cpp">
      <Filter>Box2D\Dynamics\Joints</Filter>
    </ClCompile>
    <ClCompile Include="Box2D\Dynamics\Joints\b2PulleyJoint.cpp">
      <Filter>Box2D\Dynamics\Joints</Filter>
    </ClCompile>
    <ClCompile Include="Box2D\Dynamics\Joints\b2RevoluteJoint.cpp">
      <Filter>Box2D\Dynamics\Joints</Filter>
    </ClCompile>
  </ItemGroup>
  <ItemGroup>
    <ClInclude Include="Source\airhockey.h">
      <Filter>GameCore</Filter>
    </ClInclude>
    <ClInclude Include="Source\main_menu.h">
      <Filter>UI</Filter>
    </ClInclude>
    <ClInclude Include="Source\pause_menu.h">
      <Filter>UI</Filter>
    </ClInclude>
    <ClInclude Include="Source\settings_menu.h">
      <Filter>UI</Filter>
    </ClInclude>
    <ClInclude Include="Source\AiInput.h">
      <Filter>Input</Filter>
    </ClInclude>
    <ClInclude Include="Source\InputHandler.h">
      <Filter>Input</Filter>
    </ClInclude>
    <ClInclude Include="Source\NetworkInput.h">
      <Filter>Input</Filter>
    </ClInclude>
    <ClInclude Include="Source\PlayerInput.h">
      <Filter>Input</Filter>
    </ClInclude>
    <ClInclude Include="Source\net_menu.h">
      <Filter>UI</Filter>
    </ClInclude>
    <ClInclude Include="Source\airhockey_settings.h">
      <Filter>GameCore</Filter>
    </ClInclude>
    <ClInclude Include="Source\gamestate.h">
      <Filter>GameCore</Filter>
    </ClInclude>
    <ClInclude Include="Source\paddle.h">
      <Filter>GameCore</Filter>
    </ClInclude>
    <ClInclude Include="Source\puck.h">
      <Filter>GameCore</Filter>
    </ClInclude>
    <ClInclude Include="Source\spinstate.h">
      <Filter>GameCore</Filter>
    </ClInclude>
    <ClInclude Include="Source\table.h">
      <Filter>GameCore</Filter>
    </ClInclude>
    <ClInclude Include="Box2D\Box2D.h">
      <Filter>Box2D</Filter>
    </ClInclude>
    <ClInclude Include="Box2D\Collision\b2BroadPhase.h">
      <Filter>Box2D\Collision</Filter>
    </ClInclude>
    <ClInclude Include="Box2D\Collision\b2Collision.h">
      <Filter>Box2D\Collision</Filter>
    </ClInclude>
    <ClInclude Include="Box2D\Collision\b2PairManager.h">
      <Filter>Box2D\Collision</Filter>
    </ClInclude>
    <ClInclude Include="Box2D\Collision\Shapes\b2CircleShape.h">
      <Filter>Box2D\Collision\Shapes</Filter>
    </ClInclude>
    <ClInclude Include="Box2D\Collision\Shapes\b2PolygonShape.h">
      <Filter>Box2D\Collision\Shapes</Filter>
    </ClInclude>
    <ClInclude Include="Box2D\Collision\Shapes\b2Shape.h">
      <Filter>Box2D\Collision\Shapes</Filter>
    </ClInclude>
    <ClInclude Include="Box2D\Common\b2BlockAllocator.h">
      <Filter>Box2D\Common</Filter>
    </ClInclude>
    <ClInclude Include="Box2D\Common\b2Math.h">
      <Filter>Box2D\Common</Filter>
    </ClInclude>
    <ClInclude Include="Box2D\Common\b2Settings.h">
      <Filter>Box2D\Common</Filter>
    </ClInclude>
    <ClInclude Include="Box2D\Common\b2StackAllocator.h">
      <Filter>Box2D\Common</Filter>
    </ClInclude>
    <ClInclude Include="Box2D\Common\Fixed.h">
      <Filter>Box2D\Common</Filter>
    </ClInclude>
    <ClInclude Include="Box2D\Common\jtypes.h">
      <Filter>Box2D\Common</Filter>
    </ClInclude>
    <ClInclude Include="Box2D\Dynamics\b2Body.h">
      <Filter>Box2D\Dynamics</Filter>
    </ClInclude>
    <ClInclude Include="Box2D\Dynamics\b2ContactManager.h">
      <Filter>Box2D\Dynamics</Filter>
    </ClInclude>
    <ClInclude Include="Box2D\Dynamics\b2Island.h">
      <Filter>Box2D\Dynamics</Filter>
    </ClInclude>
    <ClInclude Include="Box2D\Dynamics\b2World.h">
      <Filter>Box2D\Dynamics</Filter>
    </ClInclude>
    <ClInclude Include="Box2D\Dynamics\b2WorldCallbacks.h">
      <Filter>Box2D\Dynamics</Filter>
    </ClInclude>
    <ClInclude Include="Box2D\Dynamics\Contacts\b2CircleContact.h">
      <Filter>Box2D\Dynamics\Contacts</Filter>
    </ClInclude>
    <ClInclude Include="Box2D\Dynamics\Contacts\b2Contact.h">
      <Filter>Box2D\Dynamics\Contacts</Filter>
    </ClInclude>
    <ClInclude Include="Box2D\Dynamics\Contacts\b2ContactSolver.h">
      <Filter>Box2D\Dynamics\Contacts</Filter>
    </ClInclude>
    <ClInclude Include="Box2D\Dynamics\Contacts\b2NullContact.h">
      <Filter>Box2D\Dynamics\Contacts</Filter>
    </ClInclude>
    <ClInclude Include="Box2D\Dynamics\Contacts\b2PolyAndCircleContact.h">
      <Filter>Box2D\Dynamics\Contacts</Filter>
    </ClInclude>
    <ClInclude Include="Box2D\Dynamics\Contacts\b2PolyContact.h">
      <Filter>Box2D\Dynamics\Contacts</Filter>
    </ClInclude>
    <ClInclude Include="Box2D\Dynamics\Joints\b2DistanceJoint.h">
      <Filter>Box2D\Dynamics\Joints</Filter>
    </ClInclude>
    <ClInclude Include="Box2D\Dynamics\Joints\b2GearJoint.h">
      <Filter>Box2D\Dynamics\Joints</Filter>
    </ClInclude>
    <ClInclude Include="Box2D\Dynamics\Joints\b2Joint.h">
      <Filter>Box2D\Dynamics\Joints</Filter>
    </ClInclude>
    <ClInclude Include="Box2D\Dynamics\Joints\b2MouseJoint.h">
      <Filter>Box2D\Dynamics\Joints</Filter>
    </ClInclude>
    <ClInclude Include="Box2D\Dynamics\Joints\b2PrismaticJoint.h">
      <Filter>Box2D\Dynamics\Joints</Filter>
    </ClInclude>
    <ClInclude Include="Box2D\Dynamics\Joints\b2PulleyJoint.h">
      <Filter>Box2D\Dynamics\Joints</Filter>
    </ClInclude>
    <ClInclude Include="Box2D\Dynamics\Joints\b2RevoluteJoint.h">
      <Filter>Box2D\Dynamics\Joints</Filter>
    </ClInclude>
    <ClInclude Include="resource.h">
      <Filter>Resource</Filter>
    </ClInclude>
  </ItemGroup>
  <ItemGroup>
    <None Include="settings.ini" />
  </ItemGroup>
  <ItemGroup>
    <Image Include="icon1.ico">
      <Filter>Resource</Filter>
    </Image>
  </ItemGroup>
  <ItemGroup>
    <ResourceCompile Include="Airhockey.rc">
      <Filter>Resource</Filter>
    </ResourceCompile>
  </ItemGroup>
</Project>