<?xml version="1.0" encoding="utf-8"?>
<Project ToolsVersion="4.0" xmlns="http://schemas.microsoft.com/developer/msbuild/2003">
  <ItemGroup>
    <ClCompile Include="bullet\BulletCollision\BroadphaseCollision\btAxisSweep3.cpp">
      <Filter>Bullet\BulletCollision\BroadphaseCollision</Filter>
    </ClCompile>
    <ClCompile Include="bullet\BulletCollision\BroadphaseCollision\btBroadphaseProxy.cpp">
      <Filter>Bullet\BulletCollision\BroadphaseCollision</Filter>
    </ClCompile>
    <ClCompile Include="bullet\BulletCollision\BroadphaseCollision\btCollisionAlgorithm.cpp">
      <Filter>Bullet\BulletCollision\BroadphaseCollision</Filter>
    </ClCompile>
    <ClCompile Include="bullet\BulletCollision\BroadphaseCollision\btDbvt.cpp">
      <Filter>Bullet\BulletCollision\BroadphaseCollision</Filter>
    </ClCompile>
    <ClCompile Include="bullet\BulletCollision\BroadphaseCollision\btDbvtBroadphase.cpp">
      <Filter>Bullet\BulletCollision\BroadphaseCollision</Filter>
    </ClCompile>
    <ClCompile Include="bullet\BulletCollision\BroadphaseCollision\btDispatcher.cpp">
      <Filter>Bullet\BulletCollision\BroadphaseCollision</Filter>
    </ClCompile>
    <ClCompile Include="bullet\BulletCollision\BroadphaseCollision\btMultiSapBroadphase.cpp">
      <Filter>Bullet\BulletCollision\BroadphaseCollision</Filter>
    </ClCompile>
    <ClCompile Include="bullet\BulletCollision\BroadphaseCollision\btOverlappingPairCache.cpp">
      <Filter>Bullet\BulletCollision\BroadphaseCollision</Filter>
    </ClCompile>
    <ClCompile Include="bullet\BulletCollision\BroadphaseCollision\btQuantizedBvh.cpp">
      <Filter>Bullet\BulletCollision\BroadphaseCollision</Filter>
    </ClCompile>
    <ClCompile Include="bullet\BulletCollision\BroadphaseCollision\btSimpleBroadphase.cpp">
      <Filter>Bullet\BulletCollision\BroadphaseCollision</Filter>
    </ClCompile>
    <ClCompile Include="bullet\BulletCollision\CollisionDispatch\btActivatingCollisionAlgorithm.cpp">
      <Filter>Bullet\BulletCollision\CollisionDispatch</Filter>
    </ClCompile>
    <ClCompile Include="bullet\BulletCollision\CollisionDispatch\btBox2dBox2dCollisionAlgorithm.cpp">
      <Filter>Bullet\BulletCollision\CollisionDispatch</Filter>
    </ClCompile>
    <ClCompile Include="bullet\BulletCollision\CollisionDispatch\btBoxBoxCollisionAlgorithm.cpp">
      <Filter>Bullet\BulletCollision\CollisionDispatch</Filter>
    </ClCompile>
    <ClCompile Include="bullet\BulletCollision\CollisionDispatch\btBoxBoxDetector.cpp">
      <Filter>Bullet\BulletCollision\CollisionDispatch</Filter>
    </ClCompile>
    <ClCompile Include="bullet\BulletCollision\CollisionDispatch\btCollisionDispatcher.cpp">
      <Filter>Bullet\BulletCollision\CollisionDispatch</Filter>
    </ClCompile>
    <ClCompile Include="bullet\BulletCollision\CollisionDispatch\btCollisionObject.cpp">
      <Filter>Bullet\BulletCollision\CollisionDispatch</Filter>
    </ClCompile>
    <ClCompile Include="bullet\BulletCollision\CollisionDispatch\btCollisionWorld.cpp">
      <Filter>Bullet\BulletCollision\CollisionDispatch</Filter>
    </ClCompile>
    <ClCompile Include="bullet\BulletCollision\CollisionDispatch\btCompoundCollisionAlgorithm.cpp">
      <Filter>Bullet\BulletCollision\CollisionDispatch</Filter>
    </ClCompile>
    <ClCompile Include="bullet\BulletCollision\CollisionDispatch\btConvex2dConvex2dAlgorithm.cpp">
      <Filter>Bullet\BulletCollision\CollisionDispatch</Filter>
    </ClCompile>
    <ClCompile Include="bullet\BulletCollision\CollisionDispatch\btConvexConcaveCollisionAlgorithm.cpp">
      <Filter>Bullet\BulletCollision\CollisionDispatch</Filter>
    </ClCompile>
    <ClCompile Include="bullet\BulletCollision\CollisionDispatch\btConvexConvexAlgorithm.cpp">
      <Filter>Bullet\BulletCollision\CollisionDispatch</Filter>
    </ClCompile>
    <ClCompile Include="bullet\BulletCollision\CollisionDispatch\btConvexPlaneCollisionAlgorithm.cpp">
      <Filter>Bullet\BulletCollision\CollisionDispatch</Filter>
    </ClCompile>
    <ClCompile Include="bullet\BulletCollision\CollisionDispatch\btDefaultCollisionConfiguration.cpp">
      <Filter>Bullet\BulletCollision\CollisionDispatch</Filter>
    </ClCompile>
    <ClCompile Include="bullet\BulletCollision\CollisionDispatch\btEmptyCollisionAlgorithm.cpp">
      <Filter>Bullet\BulletCollision\CollisionDispatch</Filter>
    </ClCompile>
    <ClCompile Include="bullet\BulletCollision\CollisionDispatch\btGhostObject.cpp">
      <Filter>Bullet\BulletCollision\CollisionDispatch</Filter>
    </ClCompile>
    <ClCompile Include="bullet\BulletCollision\CollisionDispatch\btManifoldResult.cpp">
      <Filter>Bullet\BulletCollision\CollisionDispatch</Filter>
    </ClCompile>
    <ClCompile Include="bullet\BulletCollision\CollisionDispatch\btSimulationIslandManager.cpp">
      <Filter>Bullet\BulletCollision\CollisionDispatch</Filter>
    </ClCompile>
    <ClCompile Include="bullet\BulletCollision\CollisionDispatch\btSphereBoxCollisionAlgorithm.cpp">
      <Filter>Bullet\BulletCollision\CollisionDispatch</Filter>
    </ClCompile>
    <ClCompile Include="bullet\BulletCollision\CollisionDispatch\btSphereSphereCollisionAlgorithm.cpp">
      <Filter>Bullet\BulletCollision\CollisionDispatch</Filter>
    </ClCompile>
    <ClCompile Include="bullet\BulletCollision\CollisionDispatch\btSphereTriangleCollisionAlgorithm.cpp">
      <Filter>Bullet\BulletCollision\CollisionDispatch</Filter>
    </ClCompile>
    <ClCompile Include="bullet\BulletCollision\CollisionDispatch\btUnionFind.cpp">
      <Filter>Bullet\BulletCollision\CollisionDispatch</Filter>
    </ClCompile>
    <ClCompile Include="bullet\BulletCollision\CollisionDispatch\SphereTriangleDetector.cpp">
      <Filter>Bullet\BulletCollision\CollisionDispatch</Filter>
    </ClCompile>
    <ClCompile Include="bullet\BulletCollision\CollisionShapes\btBox2dShape.cpp">
      <Filter>Bullet\BulletCollision\CollisionShapes</Filter>
    </ClCompile>
    <ClCompile Include="bullet\BulletCollision\CollisionShapes\btBoxShape.cpp">
      <Filter>Bullet\BulletCollision\CollisionShapes</Filter>
    </ClCompile>
    <ClCompile Include="bullet\BulletCollision\CollisionShapes\btBvhTriangleMeshShape.cpp">
      <Filter>Bullet\BulletCollision\CollisionShapes</Filter>
    </ClCompile>
    <ClCompile Include="bullet\BulletCollision\CollisionShapes\btCapsuleShape.cpp">
      <Filter>Bullet\BulletCollision\CollisionShapes</Filter>
    </ClCompile>
    <ClCompile Include="bullet\BulletCollision\CollisionShapes\btCollisionShape.cpp">
      <Filter>Bullet\BulletCollision\CollisionShapes</Filter>
    </ClCompile>
    <ClCompile Include="bullet\BulletCollision\CollisionShapes\btCompoundShape.cpp">
      <Filter>Bullet\BulletCollision\CollisionShapes</Filter>
    </ClCompile>
    <ClCompile Include="bullet\BulletCollision\CollisionShapes\btConcaveShape.cpp">
      <Filter>Bullet\BulletCollision\CollisionShapes</Filter>
    </ClCompile>
    <ClCompile Include="bullet\BulletCollision\CollisionShapes\btConeShape.cpp">
      <Filter>Bullet\BulletCollision\CollisionShapes</Filter>
    </ClCompile>
    <ClCompile Include="bullet\BulletCollision\CollisionShapes\btConvex2dShape.cpp">
      <Filter>Bullet\BulletCollision\CollisionShapes</Filter>
    </ClCompile>
    <ClCompile Include="bullet\BulletCollision\CollisionShapes\btConvexHullShape.cpp">
      <Filter>Bullet\BulletCollision\CollisionShapes</Filter>
    </ClCompile>
    <ClCompile Include="bullet\BulletCollision\CollisionShapes\btConvexInternalShape.cpp">
      <Filter>Bullet\BulletCollision\CollisionShapes</Filter>
    </ClCompile>
    <ClCompile Include="bullet\BulletCollision\CollisionShapes\btConvexPointCloudShape.cpp">
      <Filter>Bullet\BulletCollision\CollisionShapes</Filter>
    </ClCompile>
    <ClCompile Include="bullet\BulletCollision\CollisionShapes\btConvexShape.cpp">
      <Filter>Bullet\BulletCollision\CollisionShapes</Filter>
    </ClCompile>
    <ClCompile Include="bullet\BulletCollision\CollisionShapes\btConvexTriangleMeshShape.cpp">
      <Filter>Bullet\BulletCollision\CollisionShapes</Filter>
    </ClCompile>
    <ClCompile Include="bullet\BulletCollision\CollisionShapes\btCylinderShape.cpp">
      <Filter>Bullet\BulletCollision\CollisionShapes</Filter>
    </ClCompile>
    <ClCompile Include="bullet\BulletCollision\CollisionShapes\btEmptyShape.cpp">
      <Filter>Bullet\BulletCollision\CollisionShapes</Filter>
    </ClCompile>
    <ClCompile Include="bullet\BulletCollision\CollisionShapes\btHeightfieldTerrainShape.cpp">
      <Filter>Bullet\BulletCollision\CollisionShapes</Filter>
    </ClCompile>
    <ClCompile Include="bullet\BulletCollision\CollisionShapes\btMinkowskiSumShape.cpp">
      <Filter>Bullet\BulletCollision\CollisionShapes</Filter>
    </ClCompile>
    <ClCompile Include="bullet\BulletCollision\CollisionShapes\btMultimaterialTriangleMeshShape.cpp">
      <Filter>Bullet\BulletCollision\CollisionShapes</Filter>
    </ClCompile>
    <ClCompile Include="bullet\BulletCollision\CollisionShapes\btMultiSphereShape.cpp">
      <Filter>Bullet\BulletCollision\CollisionShapes</Filter>
    </ClCompile>
    <ClCompile Include="bullet\BulletCollision\CollisionShapes\btOptimizedBvh.cpp">
      <Filter>Bullet\BulletCollision\CollisionShapes</Filter>
    </ClCompile>
    <ClCompile Include="bullet\BulletCollision\CollisionShapes\btPolyhedralConvexShape.cpp">
      <Filter>Bullet\BulletCollision\CollisionShapes</Filter>
    </ClCompile>
    <ClCompile Include="bullet\BulletCollision\CollisionShapes\btScaledBvhTriangleMeshShape.cpp">
      <Filter>Bullet\BulletCollision\CollisionShapes</Filter>
    </ClCompile>
    <ClCompile Include="bullet\BulletCollision\CollisionShapes\btShapeHull.cpp">
      <Filter>Bullet\BulletCollision\CollisionShapes</Filter>
    </ClCompile>
    <ClCompile Include="bullet\BulletCollision\CollisionShapes\btSphereShape.cpp">
      <Filter>Bullet\BulletCollision\CollisionShapes</Filter>
    </ClCompile>
    <ClCompile Include="bullet\BulletCollision\CollisionShapes\btStaticPlaneShape.cpp">
      <Filter>Bullet\BulletCollision\CollisionShapes</Filter>
    </ClCompile>
    <ClCompile Include="bullet\BulletCollision\CollisionShapes\btStridingMeshInterface.cpp">
      <Filter>Bullet\BulletCollision\CollisionShapes</Filter>
    </ClCompile>
    <ClCompile Include="bullet\BulletCollision\CollisionShapes\btTetrahedronShape.cpp">
      <Filter>Bullet\BulletCollision\CollisionShapes</Filter>
    </ClCompile>
    <ClCompile Include="bullet\BulletCollision\CollisionShapes\btTriangleBuffer.cpp">
      <Filter>Bullet\BulletCollision\CollisionShapes</Filter>
    </ClCompile>
    <ClCompile Include="bullet\BulletCollision\CollisionShapes\btTriangleCallback.cpp">
      <Filter>Bullet\BulletCollision\CollisionShapes</Filter>
    </ClCompile>
    <ClCompile Include="bullet\BulletCollision\CollisionShapes\btTriangleIndexVertexArray.cpp">
      <Filter>Bullet\BulletCollision\CollisionShapes</Filter>
    </ClCompile>
    <ClCompile Include="bullet\BulletCollision\CollisionShapes\btTriangleIndexVertexMaterialArray.cpp">
      <Filter>Bullet\BulletCollision\CollisionShapes</Filter>
    </ClCompile>
    <ClCompile Include="bullet\BulletCollision\CollisionShapes\btTriangleMesh.cpp">
      <Filter>Bullet\BulletCollision\CollisionShapes</Filter>
    </ClCompile>
    <ClCompile Include="bullet\BulletCollision\CollisionShapes\btTriangleMeshShape.cpp">
      <Filter>Bullet\BulletCollision\CollisionShapes</Filter>
    </ClCompile>
    <ClCompile Include="bullet\BulletCollision\CollisionShapes\btUniformScalingShape.cpp">
      <Filter>Bullet\BulletCollision\CollisionShapes</Filter>
    </ClCompile>
    <ClCompile Include="bullet\BulletCollision\NarrowPhaseCollision\btContinuousConvexCollision.cpp">
      <Filter>Bullet\BulletCollision\NarrowPhaseCollision</Filter>
    </ClCompile>
    <ClCompile Include="bullet\BulletCollision\NarrowPhaseCollision\btConvexCast.cpp">
      <Filter>Bullet\BulletCollision\NarrowPhaseCollision</Filter>
    </ClCompile>
    <ClCompile Include="bullet\BulletCollision\NarrowPhaseCollision\btGjkConvexCast.cpp">
      <Filter>Bullet\BulletCollision\NarrowPhaseCollision</Filter>
    </ClCompile>
    <ClCompile Include="bullet\BulletCollision\NarrowPhaseCollision\btGjkEpa2.cpp">
      <Filter>Bullet\BulletCollision\NarrowPhaseCollision</Filter>
    </ClCompile>
    <ClCompile Include="bullet\BulletCollision\NarrowPhaseCollision\btGjkEpaPenetrationDepthSolver.cpp">
      <Filter>Bullet\BulletCollision\NarrowPhaseCollision</Filter>
    </ClCompile>
    <ClCompile Include="bullet\BulletCollision\NarrowPhaseCollision\btGjkPairDetector.cpp">
      <Filter>Bullet\BulletCollision\NarrowPhaseCollision</Filter>
    </ClCompile>
    <ClCompile Include="bullet\BulletCollision\NarrowPhaseCollision\btMinkowskiPenetrationDepthSolver.cpp">
      <Filter>Bullet\BulletCollision\NarrowPhaseCollision</Filter>
    </ClCompile>
    <ClCompile Include="bullet\BulletCollision\NarrowPhaseCollision\btPersistentManifold.cpp">
      <Filter>Bullet\BulletCollision\NarrowPhaseCollision</Filter>
    </ClCompile>
    <ClCompile Include="bullet\BulletCollision\NarrowPhaseCollision\btRaycastCallback.cpp">
      <Filter>Bullet\BulletCollision\NarrowPhaseCollision</Filter>
    </ClCompile>
    <ClCompile Include="bullet\BulletCollision\NarrowPhaseCollision\btSubSimplexConvexCast.cpp">
      <Filter>Bullet\BulletCollision\NarrowPhaseCollision</Filter>
    </ClCompile>
    <ClCompile Include="bullet\BulletCollision\NarrowPhaseCollision\btVoronoiSimplexSolver.cpp">
      <Filter>Bullet\BulletCollision\NarrowPhaseCollision</Filter>
    </ClCompile>
    <ClCompile Include="bullet\BulletDynamics\ConstraintSolver\btConeTwistConstraint.cpp">
      <Filter>Bullet\BulletDynamics\ConstraintSolver</Filter>
    </ClCompile>
    <ClCompile Include="bullet\BulletDynamics\ConstraintSolver\btContactConstraint.cpp">
      <Filter>Bullet\BulletDynamics\ConstraintSolver</Filter>
    </ClCompile>
    <ClCompile Include="bullet\BulletDynamics\ConstraintSolver\btGeneric6DofConstraint.cpp">
      <Filter>Bullet\BulletDynamics\ConstraintSolver</Filter>
    </ClCompile>
    <ClCompile Include="bullet\BulletDynamics\ConstraintSolver\btGeneric6DofSpringConstraint.cpp">
      <Filter>Bullet\BulletDynamics\ConstraintSolver</Filter>
    </ClCompile>
    <ClCompile Include="bullet\BulletDynamics\ConstraintSolver\btHinge2Constraint.cpp">
      <Filter>Bullet\BulletDynamics\ConstraintSolver</Filter>
    </ClCompile>
    <ClCompile Include="bullet\BulletDynamics\ConstraintSolver\btHingeConstraint.cpp">
      <Filter>Bullet\BulletDynamics\ConstraintSolver</Filter>
    </ClCompile>
    <ClCompile Include="bullet\BulletDynamics\ConstraintSolver\btPoint2PointConstraint.cpp">
      <Filter>Bullet\BulletDynamics\ConstraintSolver</Filter>
    </ClCompile>
    <ClCompile Include="bullet\BulletDynamics\ConstraintSolver\btSequentialImpulseConstraintSolver.cpp">
      <Filter>Bullet\BulletDynamics\ConstraintSolver</Filter>
    </ClCompile>
    <ClCompile Include="bullet\BulletDynamics\ConstraintSolver\btSliderConstraint.cpp">
      <Filter>Bullet\BulletDynamics\ConstraintSolver</Filter>
    </ClCompile>
    <ClCompile Include="bullet\BulletDynamics\ConstraintSolver\btSolve2LinearConstraint.cpp">
      <Filter>Bullet\BulletDynamics\ConstraintSolver</Filter>
    </ClCompile>
    <ClCompile Include="bullet\BulletDynamics\ConstraintSolver\btTypedConstraint.cpp">
      <Filter>Bullet\BulletDynamics\ConstraintSolver</Filter>
    </ClCompile>
    <ClCompile Include="bullet\BulletDynamics\ConstraintSolver\btUniversalConstraint.cpp">
      <Filter>Bullet\BulletDynamics\ConstraintSolver</Filter>
    </ClCompile>
    <ClCompile Include="bullet\BulletDynamics\Dynamics\btContinuousDynamicsWorld.cpp">
      <Filter>Bullet\BulletDynamics\Dynamics</Filter>
    </ClCompile>
    <ClCompile Include="bullet\BulletDynamics\Dynamics\btDiscreteDynamicsWorld.cpp">
      <Filter>Bullet\BulletDynamics\Dynamics</Filter>
    </ClCompile>
    <ClCompile Include="bullet\BulletDynamics\Dynamics\btRigidBody.cpp">
      <Filter>Bullet\BulletDynamics\Dynamics</Filter>
    </ClCompile>
    <ClCompile Include="bullet\BulletDynamics\Dynamics\btSimpleDynamicsWorld.cpp">
      <Filter>Bullet\BulletDynamics\Dynamics</Filter>
    </ClCompile>
    <ClCompile Include="bullet\LinearMath\btAlignedAllocator.cpp">
      <Filter>Bullet\LinearMath</Filter>
    </ClCompile>
    <ClCompile Include="bullet\LinearMath\btConvexHull.cpp">
      <Filter>Bullet\LinearMath</Filter>
    </ClCompile>
    <ClCompile Include="bullet\LinearMath\btGeometryUtil.cpp">
      <Filter>Bullet\LinearMath</Filter>
    </ClCompile>
    <ClCompile Include="bullet\LinearMath\btQuickprof.cpp">
      <Filter>Bullet\LinearMath</Filter>
    </ClCompile>
    <ClCompile Include="Source\ball.cpp">
      <Filter>Core</Filter>
    </ClCompile>
    <ClCompile Include="Source\gamestate.cpp">
      <Filter>Core</Filter>
    </ClCompile>
    <ClCompile Include="Source\last_game.cpp">
      <Filter>Core</Filter>
    </ClCompile>
    <ClCompile Include="Source\main.cpp">
      <Filter>Core</Filter>
    </ClCompile>
    <ClCompile Include="Source\main_menu.cpp">
      <Filter>UI</Filter>
    </ClCompile>
    <ClCompile Include="Source\pause_menu.cpp">
      <Filter>UI</Filter>
    </ClCompile>
    <ClCompile Include="Source\settings_menu.cpp">
      <Filter>UI</Filter>
    </ClCompile>
    <ClCompile Include="Source\skeeball.cpp">
      <Filter>Core</Filter>
    </ClCompile>
    <ClCompile Include="Source\skeeball_ramp.cpp">
      <Filter>Core</Filter>
    </ClCompile>
    <ClCompile Include="Source\wiimote.cpp">
      <Filter>wiimote</Filter>
    </ClCompile>
  </ItemGroup>
  <ItemGroup>
    <ClInclude Include="bullet\btBulletCollisionCommon.h">
      <Filter>Bullet</Filter>
    </ClInclude>
    <ClInclude Include="bullet\btBulletDynamicsCommon.h">
      <Filter>Bullet</Filter>
    </ClInclude>
    <ClInclude Include="bullet\BulletCollision\BroadphaseCollision\btAxisSweep3.h">
      <Filter>Bullet\BulletCollision\BroadphaseCollision</Filter>
    </ClInclude>
    <ClInclude Include="bullet\BulletCollision\BroadphaseCollision\btBroadphaseInterface.h">
      <Filter>Bullet\BulletCollision\BroadphaseCollision</Filter>
    </ClInclude>
    <ClInclude Include="bullet\BulletCollision\BroadphaseCollision\btBroadphaseProxy.h">
      <Filter>Bullet\BulletCollision\BroadphaseCollision</Filter>
    </ClInclude>
    <ClInclude Include="bullet\BulletCollision\BroadphaseCollision\btCollisionAlgorithm.h">
      <Filter>Bullet\BulletCollision\BroadphaseCollision</Filter>
    </ClInclude>
    <ClInclude Include="bullet\BulletCollision\BroadphaseCollision\btDbvt.h">
      <Filter>Bullet\BulletCollision\BroadphaseCollision</Filter>
    </ClInclude>
    <ClInclude Include="bullet\BulletCollision\BroadphaseCollision\btDbvtBroadphase.h">
      <Filter>Bullet\BulletCollision\BroadphaseCollision</Filter>
    </ClInclude>
    <ClInclude Include="bullet\BulletCollision\BroadphaseCollision\btDispatcher.h">
      <Filter>Bullet\BulletCollision\BroadphaseCollision</Filter>
    </ClInclude>
    <ClInclude Include="bullet\BulletCollision\BroadphaseCollision\btMultiSapBroadphase.h">
      <Filter>Bullet\BulletCollision\BroadphaseCollision</Filter>
    </ClInclude>
    <ClInclude Include="bullet\BulletCollision\BroadphaseCollision\btOverlappingPairCache.h">
      <Filter>Bullet\BulletCollision\BroadphaseCollision</Filter>
    </ClInclude>
    <ClInclude Include="bullet\BulletCollision\BroadphaseCollision\btOverlappingPairCallback.h">
      <Filter>Bullet\BulletCollision\BroadphaseCollision</Filter>
    </ClInclude>
    <ClInclude Include="bullet\BulletCollision\BroadphaseCollision\btQuantizedBvh.h">
      <Filter>Bullet\BulletCollision\BroadphaseCollision</Filter>
    </ClInclude>
    <ClInclude Include="bullet\BulletCollision\BroadphaseCollision\btSimpleBroadphase.h">
      <Filter>Bullet\BulletCollision\BroadphaseCollision</Filter>
    </ClInclude>
    <ClInclude Include="bullet\BulletCollision\CollisionDispatch\btActivatingCollisionAlgorithm.h">
      <Filter>Bullet\BulletCollision\CollisionDispatch</Filter>
    </ClInclude>
    <ClInclude Include="bullet\BulletCollision\CollisionDispatch\btBox2dBox2dCollisionAlgorithm.h">
      <Filter>Bullet\BulletCollision\CollisionDispatch</Filter>
    </ClInclude>
    <ClInclude Include="bullet\BulletCollision\CollisionDispatch\btBoxBoxCollisionAlgorithm.h">
      <Filter>Bullet\BulletCollision\CollisionDispatch</Filter>
    </ClInclude>
    <ClInclude Include="bullet\BulletCollision\CollisionDispatch\btBoxBoxDetector.h">
      <Filter>Bullet\BulletCollision\CollisionDispatch</Filter>
    </ClInclude>
    <ClInclude Include="bullet\BulletCollision\CollisionDispatch\btCollisionConfiguration.h">
      <Filter>Bullet\BulletCollision\CollisionDispatch</Filter>
    </ClInclude>
    <ClInclude Include="bullet\BulletCollision\CollisionDispatch\btCollisionCreateFunc.h">
      <Filter>Bullet\BulletCollision\CollisionDispatch</Filter>
    </ClInclude>
    <ClInclude Include="bullet\BulletCollision\CollisionDispatch\btCollisionDispatcher.h">
      <Filter>Bullet\BulletCollision\CollisionDispatch</Filter>
    </ClInclude>
    <ClInclude Include="bullet\BulletCollision\CollisionDispatch\btCollisionObject.h">
      <Filter>Bullet\BulletCollision\CollisionDispatch</Filter>
    </ClInclude>
    <ClInclude Include="bullet\BulletCollision\CollisionDispatch\btCollisionWorld.h">
      <Filter>Bullet\BulletCollision\CollisionDispatch</Filter>
    </ClInclude>
    <ClInclude Include="bullet\BulletCollision\CollisionDispatch\btCompoundCollisionAlgorithm.h">
      <Filter>Bullet\BulletCollision\CollisionDispatch</Filter>
    </ClInclude>
    <ClInclude Include="bullet\BulletCollision\CollisionDispatch\btConvex2dConvex2dAlgorithm.h">
      <Filter>Bullet\BulletCollision\CollisionDispatch</Filter>
    </ClInclude>
    <ClInclude Include="bullet\BulletCollision\CollisionDispatch\btConvexConcaveCollisionAlgorithm.h">
      <Filter>Bullet\BulletCollision\CollisionDispatch</Filter>
    </ClInclude>
    <ClInclude Include="bullet\BulletCollision\CollisionDispatch\btConvexConvexAlgorithm.h">
      <Filter>Bullet\BulletCollision\CollisionDispatch</Filter>
    </ClInclude>
    <ClInclude Include="bullet\BulletCollision\CollisionDispatch\btConvexPlaneCollisionAlgorithm.h">
      <Filter>Bullet\BulletCollision\CollisionDispatch</Filter>
    </ClInclude>
    <ClInclude Include="bullet\BulletCollision\CollisionDispatch\btDefaultCollisionConfiguration.h">
      <Filter>Bullet\BulletCollision\CollisionDispatch</Filter>
    </ClInclude>
    <ClInclude Include="bullet\BulletCollision\CollisionDispatch\btEmptyCollisionAlgorithm.h">
      <Filter>Bullet\BulletCollision\CollisionDispatch</Filter>
    </ClInclude>
    <ClInclude Include="bullet\BulletCollision\CollisionDispatch\btGhostObject.h">
      <Filter>Bullet\BulletCollision\CollisionDispatch</Filter>
    </ClInclude>
    <ClInclude Include="bullet\BulletCollision\CollisionDispatch\btManifoldResult.h">
      <Filter>Bullet\BulletCollision\CollisionDispatch</Filter>
    </ClInclude>
    <ClInclude Include="bullet\BulletCollision\CollisionDispatch\btSimulationIslandManager.h">
      <Filter>Bullet\BulletCollision\CollisionDispatch</Filter>
    </ClInclude>
    <ClInclude Include="bullet\BulletCollision\CollisionDispatch\btSphereBoxCollisionAlgorithm.h">
      <Filter>Bullet\BulletCollision\CollisionDispatch</Filter>
    </ClInclude>
    <ClInclude Include="bullet\BulletCollision\CollisionDispatch\btSphereSphereCollisionAlgorithm.h">
      <Filter>Bullet\BulletCollision\CollisionDispatch</Filter>
    </ClInclude>
    <ClInclude Include="bullet\BulletCollision\CollisionDispatch\btSphereTriangleCollisionAlgorithm.h">
      <Filter>Bullet\BulletCollision\CollisionDispatch</Filter>
    </ClInclude>
    <ClInclude Include="bullet\BulletCollision\CollisionDispatch\btUnionFind.h">
      <Filter>Bullet\BulletCollision\CollisionDispatch</Filter>
    </ClInclude>
    <ClInclude Include="bullet\BulletCollision\CollisionDispatch\SphereTriangleDetector.h">
      <Filter>Bullet\BulletCollision\CollisionDispatch</Filter>
    </ClInclude>
    <ClInclude Include="bullet\BulletCollision\CollisionShapes\btBox2dShape.h">
      <Filter>Bullet\BulletCollision\CollisionShapes</Filter>
    </ClInclude>
    <ClInclude Include="bullet\BulletCollision\CollisionShapes\btBoxShape.h">
      <Filter>Bullet\BulletCollision\CollisionShapes</Filter>
    </ClInclude>
    <ClInclude Include="bullet\BulletCollision\CollisionShapes\btBvhTriangleMeshShape.h">
      <Filter>Bullet\BulletCollision\CollisionShapes</Filter>
    </ClInclude>
    <ClInclude Include="bullet\BulletCollision\CollisionShapes\btCapsuleShape.h">
      <Filter>Bullet\BulletCollision\CollisionShapes</Filter>
    </ClInclude>
    <ClInclude Include="bullet\BulletCollision\CollisionShapes\btCollisionMargin.h">
      <Filter>Bullet\BulletCollision\CollisionShapes</Filter>
    </ClInclude>
    <ClInclude Include="bullet\BulletCollision\CollisionShapes\btCollisionShape.h">
      <Filter>Bullet\BulletCollision\CollisionShapes</Filter>
    </ClInclude>
    <ClInclude Include="bullet\BulletCollision\CollisionShapes\btCompoundShape.h">
      <Filter>Bullet\BulletCollision\CollisionShapes</Filter>
    </ClInclude>
    <ClInclude Include="bullet\BulletCollision\CollisionShapes\btConcaveShape.h">
      <Filter>Bullet\BulletCollision\CollisionShapes</Filter>
    </ClInclude>
    <ClInclude Include="bullet\BulletCollision\CollisionShapes\btConeShape.h">
      <Filter>Bullet\BulletCollision\CollisionShapes</Filter>
    </ClInclude>
    <ClInclude Include="bullet\BulletCollision\CollisionShapes\btConvex2dShape.h">
      <Filter>Bullet\BulletCollision\CollisionShapes</Filter>
    </ClInclude>
    <ClInclude Include="bullet\BulletCollision\CollisionShapes\btConvexHullShape.h">
      <Filter>Bullet\BulletCollision\CollisionShapes</Filter>
    </ClInclude>
    <ClInclude Include="bullet\BulletCollision\CollisionShapes\btConvexInternalShape.h">
      <Filter>Bullet\BulletCollision\CollisionShapes</Filter>
    </ClInclude>
    <ClInclude Include="bullet\BulletCollision\CollisionShapes\btConvexPointCloudShape.h">
      <Filter>Bullet\BulletCollision\CollisionShapes</Filter>
    </ClInclude>
    <ClInclude Include="bullet\BulletCollision\CollisionShapes\btConvexShape.h">
      <Filter>Bullet\BulletCollision\CollisionShapes</Filter>
    </ClInclude>
    <ClInclude Include="bullet\BulletCollision\CollisionShapes\btConvexTriangleMeshShape.h">
      <Filter>Bullet\BulletCollision\CollisionShapes</Filter>
    </ClInclude>
    <ClInclude Include="bullet\BulletCollision\CollisionShapes\btCylinderShape.h">
      <Filter>Bullet\BulletCollision\CollisionShapes</Filter>
    </ClInclude>
    <ClInclude Include="bullet\BulletCollision\CollisionShapes\btEmptyShape.h">
      <Filter>Bullet\BulletCollision\CollisionShapes</Filter>
    </ClInclude>
    <ClInclude Include="bullet\BulletCollision\CollisionShapes\btHeightfieldTerrainShape.h">
      <Filter>Bullet\BulletCollision\CollisionShapes</Filter>
    </ClInclude>
    <ClInclude Include="bullet\BulletCollision\CollisionShapes\btMaterial.h">
      <Filter>Bullet\BulletCollision\CollisionShapes</Filter>
    </ClInclude>
    <ClInclude Include="bullet\BulletCollision\CollisionShapes\btMinkowskiSumShape.h">
      <Filter>Bullet\BulletCollision\CollisionShapes</Filter>
    </ClInclude>
    <ClInclude Include="bullet\BulletCollision\CollisionShapes\btMultimaterialTriangleMeshShape.h">
      <Filter>Bullet\BulletCollision\CollisionShapes</Filter>
    </ClInclude>
    <ClInclude Include="bullet\BulletCollision\CollisionShapes\btMultiSphereShape.h">
      <Filter>Bullet\BulletCollision\CollisionShapes</Filter>
    </ClInclude>
    <ClInclude Include="bullet\BulletCollision\CollisionShapes\btOptimizedBvh.h">
      <Filter>Bullet\BulletCollision\CollisionShapes</Filter>
    </ClInclude>
    <ClInclude Include="bullet\BulletCollision\CollisionShapes\btPolyhedralConvexShape.h">
      <Filter>Bullet\BulletCollision\CollisionShapes</Filter>
    </ClInclude>
    <ClInclude Include="bullet\BulletCollision\CollisionShapes\btScaledBvhTriangleMeshShape.h">
      <Filter>Bullet\BulletCollision\CollisionShapes</Filter>
    </ClInclude>
    <ClInclude Include="bullet\BulletCollision\CollisionShapes\btShapeHull.h">
      <Filter>Bullet\BulletCollision\CollisionShapes</Filter>
    </ClInclude>
    <ClInclude Include="bullet\BulletCollision\CollisionShapes\btSphereShape.h">
      <Filter>Bullet\BulletCollision\CollisionShapes</Filter>
    </ClInclude>
    <ClInclude Include="bullet\BulletCollision\CollisionShapes\btStaticPlaneShape.h">
      <Filter>Bullet\BulletCollision\CollisionShapes</Filter>
    </ClInclude>
    <ClInclude Include="bullet\BulletCollision\CollisionShapes\btStridingMeshInterface.h">
      <Filter>Bullet\BulletCollision\CollisionShapes</Filter>
    </ClInclude>
    <ClInclude Include="bullet\BulletCollision\CollisionShapes\btTetrahedronShape.h">
      <Filter>Bullet\BulletCollision\CollisionShapes</Filter>
    </ClInclude>
    <ClInclude Include="bullet\BulletCollision\CollisionShapes\btTriangleBuffer.h">
      <Filter>Bullet\BulletCollision\CollisionShapes</Filter>
    </ClInclude>
    <ClInclude Include="bullet\BulletCollision\CollisionShapes\btTriangleCallback.h">
      <Filter>Bullet\BulletCollision\CollisionShapes</Filter>
    </ClInclude>
    <ClInclude Include="bullet\BulletCollision\CollisionShapes\btTriangleIndexVertexArray.h">
      <Filter>Bullet\BulletCollision\CollisionShapes</Filter>
    </ClInclude>
    <ClInclude Include="bullet\BulletCollision\CollisionShapes\btTriangleIndexVertexMaterialArray.h">
      <Filter>Bullet\BulletCollision\CollisionShapes</Filter>
    </ClInclude>
    <ClInclude Include="bullet\BulletCollision\CollisionShapes\btTriangleMesh.h">
      <Filter>Bullet\BulletCollision\CollisionShapes</Filter>
    </ClInclude>
    <ClInclude Include="bullet\BulletCollision\CollisionShapes\btTriangleMeshShape.h">
      <Filter>Bullet\BulletCollision\CollisionShapes</Filter>
    </ClInclude>
    <ClInclude Include="bullet\BulletCollision\CollisionShapes\btTriangleShape.h">
      <Filter>Bullet\BulletCollision\CollisionShapes</Filter>
    </ClInclude>
    <ClInclude Include="bullet\BulletCollision\CollisionShapes\btUniformScalingShape.h">
      <Filter>Bullet\BulletCollision\CollisionShapes</Filter>
    </ClInclude>
    <ClInclude Include="bullet\BulletCollision\NarrowPhaseCollision\btContinuousConvexCollision.h">
      <Filter>Bullet\BulletCollision\NarrowPhaseCollision</Filter>
    </ClInclude>
    <ClInclude Include="bullet\BulletCollision\NarrowPhaseCollision\btConvexCast.h">
      <Filter>Bullet\BulletCollision\NarrowPhaseCollision</Filter>
    </ClInclude>
    <ClInclude Include="bullet\BulletCollision\NarrowPhaseCollision\btConvexPenetrationDepthSolver.h">
      <Filter>Bullet\BulletCollision\NarrowPhaseCollision</Filter>
    </ClInclude>
    <ClInclude Include="bullet\BulletCollision\NarrowPhaseCollision\btDiscreteCollisionDetectorInterface.h">
      <Filter>Bullet\BulletCollision\NarrowPhaseCollision</Filter>
    </ClInclude>
    <ClInclude Include="bullet\BulletCollision\NarrowPhaseCollision\btGjkConvexCast.h">
      <Filter>Bullet\BulletCollision\NarrowPhaseCollision</Filter>
    </ClInclude>
    <ClInclude Include="bullet\BulletCollision\NarrowPhaseCollision\btGjkEpa2.h">
      <Filter>Bullet\BulletCollision\NarrowPhaseCollision</Filter>
    </ClInclude>
    <ClInclude Include="bullet\BulletCollision\NarrowPhaseCollision\btGjkEpaPenetrationDepthSolver.h">
      <Filter>Bullet\BulletCollision\NarrowPhaseCollision</Filter>
    </ClInclude>
    <ClInclude Include="bullet\BulletCollision\NarrowPhaseCollision\btGjkPairDetector.h">
      <Filter>Bullet\BulletCollision\NarrowPhaseCollision</Filter>
    </ClInclude>
    <ClInclude Include="bullet\BulletCollision\NarrowPhaseCollision\btManifoldPoint.h">
      <Filter>Bullet\BulletCollision\NarrowPhaseCollision</Filter>
    </ClInclude>
    <ClInclude Include="bullet\BulletCollision\NarrowPhaseCollision\btMinkowskiPenetrationDepthSolver.h">
      <Filter>Bullet\BulletCollision\NarrowPhaseCollision</Filter>
    </ClInclude>
    <ClInclude Include="bullet\BulletCollision\NarrowPhaseCollision\btPersistentManifold.h">
      <Filter>Bullet\BulletCollision\NarrowPhaseCollision</Filter>
    </ClInclude>
    <ClInclude Include="bullet\BulletCollision\NarrowPhaseCollision\btPointCollector.h">
      <Filter>Bullet\BulletCollision\NarrowPhaseCollision</Filter>
    </ClInclude>
    <ClInclude Include="bullet\BulletCollision\NarrowPhaseCollision\btRaycastCallback.h">
      <Filter>Bullet\BulletCollision\NarrowPhaseCollision</Filter>
    </ClInclude>
    <ClInclude Include="bullet\BulletCollision\NarrowPhaseCollision\btSimplexSolverInterface.h">
      <Filter>Bullet\BulletCollision\NarrowPhaseCollision</Filter>
    </ClInclude>
    <ClInclude Include="bullet\BulletCollision\NarrowPhaseCollision\btSubSimplexConvexCast.h">
      <Filter>Bullet\BulletCollision\NarrowPhaseCollision</Filter>
    </ClInclude>
    <ClInclude Include="bullet\BulletCollision\NarrowPhaseCollision\btVoronoiSimplexSolver.h">
      <Filter>Bullet\BulletCollision\NarrowPhaseCollision</Filter>
    </ClInclude>
    <ClInclude Include="bullet\BulletDynamics\ConstraintSolver\btConeTwistConstraint.h">
      <Filter>Bullet\BulletDynamics\ConstraintSolver</Filter>
    </ClInclude>
    <ClInclude Include="bullet\BulletDynamics\ConstraintSolver\btConstraintSolver.h">
      <Filter>Bullet\BulletDynamics\ConstraintSolver</Filter>
    </ClInclude>
    <ClInclude Include="bullet\BulletDynamics\ConstraintSolver\btContactConstraint.h">
      <Filter>Bullet\BulletDynamics\ConstraintSolver</Filter>
    </ClInclude>
    <ClInclude Include="bullet\BulletDynamics\ConstraintSolver\btContactSolverInfo.h">
      <Filter>Bullet\BulletDynamics\ConstraintSolver</Filter>
    </ClInclude>
    <ClInclude Include="bullet\BulletDynamics\ConstraintSolver\btGeneric6DofConstraint.h">
      <Filter>Bullet\BulletDynamics\ConstraintSolver</Filter>
    </ClInclude>
    <ClInclude Include="bullet\BulletDynamics\ConstraintSolver\btGeneric6DofSpringConstraint.h">
      <Filter>Bullet\BulletDynamics\ConstraintSolver</Filter>
    </ClInclude>
    <ClInclude Include="bullet\BulletDynamics\ConstraintSolver\btHinge2Constraint.h">
      <Filter>Bullet\BulletDynamics\ConstraintSolver</Filter>
    </ClInclude>
    <ClInclude Include="bullet\BulletDynamics\ConstraintSolver\btHingeConstraint.h">
      <Filter>Bullet\BulletDynamics\ConstraintSolver</Filter>
    </ClInclude>
    <ClInclude Include="bullet\BulletDynamics\ConstraintSolver\btJacobianEntry.h">
      <Filter>Bullet\BulletDynamics\ConstraintSolver</Filter>
    </ClInclude>
    <ClInclude Include="bullet\BulletDynamics\ConstraintSolver\btPoint2PointConstraint.h">
      <Filter>Bullet\BulletDynamics\ConstraintSolver</Filter>
    </ClInclude>
    <ClInclude Include="bullet\BulletDynamics\ConstraintSolver\btSequentialImpulseConstraintSolver.h">
      <Filter>Bullet\BulletDynamics\ConstraintSolver</Filter>
    </ClInclude>
    <ClInclude Include="bullet\BulletDynamics\ConstraintSolver\btSliderConstraint.h">
      <Filter>Bullet\BulletDynamics\ConstraintSolver</Filter>
    </ClInclude>
    <ClInclude Include="bullet\BulletDynamics\ConstraintSolver\btSolve2LinearConstraint.h">
      <Filter>Bullet\BulletDynamics\ConstraintSolver</Filter>
    </ClInclude>
    <ClInclude Include="bullet\BulletDynamics\ConstraintSolver\btSolverBody.h">
      <Filter>Bullet\BulletDynamics\ConstraintSolver</Filter>
    </ClInclude>
    <ClInclude Include="bullet\BulletDynamics\ConstraintSolver\btSolverConstraint.h">
      <Filter>Bullet\BulletDynamics\ConstraintSolver</Filter>
    </ClInclude>
    <ClInclude Include="bullet\BulletDynamics\ConstraintSolver\btTypedConstraint.h">
      <Filter>Bullet\BulletDynamics\ConstraintSolver</Filter>
    </ClInclude>
    <ClInclude Include="bullet\BulletDynamics\ConstraintSolver\btUniversalConstraint.h">
      <Filter>Bullet\BulletDynamics\ConstraintSolver</Filter>
    </ClInclude>
    <ClInclude Include="bullet\BulletDynamics\Dynamics\btActionInterface.h">
      <Filter>Bullet\BulletDynamics\Dynamics</Filter>
    </ClInclude>
    <ClInclude Include="bullet\BulletDynamics\Dynamics\btContinuousDynamicsWorld.h">
      <Filter>Bullet\BulletDynamics\Dynamics</Filter>
    </ClInclude>
    <ClInclude Include="bullet\BulletDynamics\Dynamics\btDiscreteDynamicsWorld.h">
      <Filter>Bullet\BulletDynamics\Dynamics</Filter>
    </ClInclude>
    <ClInclude Include="bullet\BulletDynamics\Dynamics\btDynamicsWorld.h">
      <Filter>Bullet\BulletDynamics\Dynamics</Filter>
    </ClInclude>
    <ClInclude Include="bullet\BulletDynamics\Dynamics\btRigidBody.h">
      <Filter>Bullet\BulletDynamics\Dynamics</Filter>
    </ClInclude>
    <ClInclude Include="bullet\BulletDynamics\Dynamics\btSimpleDynamicsWorld.h">
      <Filter>Bullet\BulletDynamics\Dynamics</Filter>
    </ClInclude>
    <ClInclude Include="bullet\LinearMath\btAabbUtil2.h">
      <Filter>Bullet\LinearMath</Filter>
    </ClInclude>
    <ClInclude Include="bullet\LinearMath\btAlignedAllocator.h">
      <Filter>Bullet\LinearMath</Filter>
    </ClInclude>
    <ClInclude Include="bullet\LinearMath\btAlignedObjectArray.h">
      <Filter>Bullet\LinearMath</Filter>
    </ClInclude>
    <ClInclude Include="bullet\LinearMath\btConvexHull.h">
      <Filter>Bullet\LinearMath</Filter>
    </ClInclude>
    <ClInclude Include="bullet\LinearMath\btDefaultMotionState.h">
      <Filter>Bullet\LinearMath</Filter>
    </ClInclude>
    <ClInclude Include="bullet\LinearMath\btGeometryUtil.h">
      <Filter>Bullet\LinearMath</Filter>
    </ClInclude>
    <ClInclude Include="bullet\LinearMath\btHashMap.h">
      <Filter>Bullet\LinearMath</Filter>
    </ClInclude>
    <ClInclude Include="bullet\LinearMath\btIDebugDraw.h">
      <Filter>Bullet\LinearMath</Filter>
    </ClInclude>
    <ClInclude Include="bullet\LinearMath\btList.h">
      <Filter>Bullet\LinearMath</Filter>
    </ClInclude>
    <ClInclude Include="bullet\LinearMath\btMatrix3x3.h">
      <Filter>Bullet\LinearMath</Filter>
    </ClInclude>
    <ClInclude Include="bullet\LinearMath\btMinMax.h">
      <Filter>Bullet\LinearMath</Filter>
    </ClInclude>
    <ClInclude Include="bullet\LinearMath\btMotionState.h">
      <Filter>Bullet\LinearMath</Filter>
    </ClInclude>
    <ClInclude Include="bullet\LinearMath\btPoolAllocator.h">
      <Filter>Bullet\LinearMath</Filter>
    </ClInclude>
    <ClInclude Include="bullet\LinearMath\btQuadWord.h">
      <Filter>Bullet\LinearMath</Filter>
    </ClInclude>
    <ClInclude Include="bullet\LinearMath\btQuaternion.h">
      <Filter>Bullet\LinearMath</Filter>
    </ClInclude>
    <ClInclude Include="bullet\LinearMath\btQuickprof.h">
      <Filter>Bullet\LinearMath</Filter>
    </ClInclude>
    <ClInclude Include="bullet\LinearMath\btRandom.h">
      <Filter>Bullet\LinearMath</Filter>
    </ClInclude>
    <ClInclude Include="bullet\LinearMath\btScalar.h">
      <Filter>Bullet\LinearMath</Filter>
    </ClInclude>
    <ClInclude Include="bullet\LinearMath\btStackAlloc.h">
      <Filter>Bullet\LinearMath</Filter>
    </ClInclude>
    <ClInclude Include="bullet\LinearMath\btTransform.h">
      <Filter>Bullet\LinearMath</Filter>
    </ClInclude>
    <ClInclude Include="bullet\LinearMath\btTransformUtil.h">
      <Filter>Bullet\LinearMath</Filter>
    </ClInclude>
    <ClInclude Include="bullet\LinearMath\btVector3.h">
      <Filter>Bullet\LinearMath</Filter>
    </ClInclude>
    <ClInclude Include="resource.h">
      <Filter>Resource</Filter>
    </ClInclude>
    <ClInclude Include="Source\ball.h">
      <Filter>Core</Filter>
    </ClInclude>
    <ClInclude Include="Source\gamestate.h">
      <Filter>Core</Filter>
    </ClInclude>
    <ClInclude Include="Source\last_game.h">
      <Filter>Core</Filter>
    </ClInclude>
    <ClInclude Include="Source\main_menu.h">
      <Filter>UI</Filter>
    </ClInclude>
    <ClInclude Include="Source\pause_menu.h">
      <Filter>UI</Filter>
    </ClInclude>
    <ClInclude Include="Source\settings.h">
      <Filter>Core</Filter>
    </ClInclude>
    <ClInclude Include="Source\settings_menu.h">
      <Filter>UI</Filter>
    </ClInclude>
    <ClInclude Include="Source\skeeball.h">
      <Filter>Core</Filter>
    </ClInclude>
    <ClInclude Include="Source\skeeball_ramp.h">
      <Filter>Core</Filter>
    </ClInclude>
    <ClInclude Include="Source\wiimote.h">
      <Filter>wiimote</Filter>
    </ClInclude>
    <ClInclude Include="Source\wiimote_state.h">
      <Filter>wiimote</Filter>
    </ClInclude>
  </ItemGroup>
  <ItemGroup>
    <Filter Include="Bullet">
      <UniqueIdentifier>{43281b5b-c010-400d-970a-0de5a5779c35}</UniqueIdentifier>
    </Filter>
    <Filter Include="Bullet\BulletCollision">
      <UniqueIdentifier>{07adb19d-4f85-4fd9-9b62-af8669e5d29e}</UniqueIdentifier>
    </Filter>
    <Filter Include="Bullet\BulletCollision\BroadphaseCollision">
      <UniqueIdentifier>{9047d5f3-4028-4203-90f8-95b1b1cc0852}</UniqueIdentifier>
    </Filter>
    <Filter Include="Bullet\BulletCollision\CollisionDispatch">
      <UniqueIdentifier>{d2c21234-9394-4096-956a-4694d4a5f8c2}</UniqueIdentifier>
    </Filter>
    <Filter Include="Bullet\BulletCollision\CollisionShapes">
      <UniqueIdentifier>{ffc5e517-cf7c-48f3-bece-4e9a86e2cb2a}</UniqueIdentifier>
    </Filter>
    <Filter Include="Bullet\BulletCollision\NarrowPhaseCollision">
      <UniqueIdentifier>{eee63e96-d169-4580-82c8-70e486a0c367}</UniqueIdentifier>
    </Filter>
    <Filter Include="Bullet\BulletDynamics">
      <UniqueIdentifier>{3f7e6b1b-43a8-422a-814c-579d5af9b710}</UniqueIdentifier>
    </Filter>
    <Filter Include="Bullet\BulletDynamics\ConstraintSolver">
      <UniqueIdentifier>{c0ce64ab-63b2-4e9e-98ac-dcd625fcedf3}</UniqueIdentifier>
    </Filter>
    <Filter Include="Bullet\BulletDynamics\Dynamics">
      <UniqueIdentifier>{11dea097-8191-4089-b89b-03b6b753133c}</UniqueIdentifier>
    </Filter>
    <Filter Include="Bullet\LinearMath">
      <UniqueIdentifier>{b14e5998-71a3-4fd0-a9ad-c671ac740483}</UniqueIdentifier>
    </Filter>
    <Filter Include="Core">
      <UniqueIdentifier>{f469828a-fdf8-4802-95d9-a332fe617833}</UniqueIdentifier>
    </Filter>
    <Filter Include="Resource">
      <UniqueIdentifier>{f115576b-c674-47dd-b1a1-a10e71b9e153}</UniqueIdentifier>
    </Filter>
    <Filter Include="UI">
      <UniqueIdentifier>{9718b0d8-3a1a-49f8-99cd-ecb55b9b7368}</UniqueIdentifier>
    </Filter>
    <Filter Include="wiimote">
      <UniqueIdentifier>{fc12fcf7-3b07-489a-82fb-c1382c4f9570}</UniqueIdentifier>
    </Filter>
  </ItemGroup>
  <ItemGroup>
    <None Include="icon1.ico">
      <Filter>Resource</Filter>
    </None>
  </ItemGroup>
  <ItemGroup>
    <ResourceCompile Include="SkeeBall.rc">
      <Filter>Resource</Filter>
    </ResourceCompile>
  </ItemGroup>
</Project>